// !$*UTF8*$!
{
	archiveVersion = 1;
	classes = {
	};
	objectVersion = 51;
	objects = {

/* Begin PBXBuildFile section */
		25CC53FA440586F2F2BB7460 /* Pods_App.framework in Frameworks */ = {isa = PBXBuildFile; fileRef = B3347D91C6A85E1C413ED3C6 /* Pods_App.framework */; };
		384B51402374D14D00AA9538 /* AppDelegate.swift in Sources */ = {isa = PBXBuildFile; fileRef = 384B513F2374D14D00AA9538 /* AppDelegate.swift */; };
		384B51462374D14F00AA9538 /* Assets.xcassets in Resources */ = {isa = PBXBuildFile; fileRef = 384B51452374D14F00AA9538 /* Assets.xcassets */; };
		384B514C2374D14F00AA9538 /* LaunchScreen.storyboard in Resources */ = {isa = PBXBuildFile; fileRef = 384B514A2374D14F00AA9538 /* LaunchScreen.storyboard */; };
		384B51572374D14F00AA9538 /* desafio_iosTests.swift in Sources */ = {isa = PBXBuildFile; fileRef = 384B51562374D14F00AA9538 /* desafio_iosTests.swift */; };
		384B52EF2374E79800AA9538 /* MainCoordinator.swift in Sources */ = {isa = PBXBuildFile; fileRef = 384B52EE2374E79800AA9538 /* MainCoordinator.swift */; };
		384B52F12374E7F600AA9538 /* HomeCoordinator.swift in Sources */ = {isa = PBXBuildFile; fileRef = 384B52F02374E7F600AA9538 /* HomeCoordinator.swift */; };
		384B53102375F0FC00AA9538 /* InCityBuilder.swift in Sources */ = {isa = PBXBuildFile; fileRef = 384B530F2375F0FC00AA9538 /* InCityBuilder.swift */; };
		384B53122375F17F00AA9538 /* InCityView.swift in Sources */ = {isa = PBXBuildFile; fileRef = 384B53112375F17F00AA9538 /* InCityView.swift */; };
		384B53182375F22D00AA9538 /* ProductsView.swift in Sources */ = {isa = PBXBuildFile; fileRef = 384B53172375F22D00AA9538 /* ProductsView.swift */; };
		384B531A2375F23700AA9538 /* TravelsView.swift in Sources */ = {isa = PBXBuildFile; fileRef = 384B53192375F23700AA9538 /* TravelsView.swift */; };
		384B531C2375F26000AA9538 /* TravelsBuilder.swift in Sources */ = {isa = PBXBuildFile; fileRef = 384B531B2375F26000AA9538 /* TravelsBuilder.swift */; };
		384B531E2375F28400AA9538 /* ProductsBuilder.swift in Sources */ = {isa = PBXBuildFile; fileRef = 384B531D2375F28400AA9538 /* ProductsBuilder.swift */; };
		384B53232375F7F200AA9538 /* MainBuilder.swift in Sources */ = {isa = PBXBuildFile; fileRef = 384B53222375F7F200AA9538 /* MainBuilder.swift */; };
		384B532F2375FE3D00AA9538 /* ProductView.swift in Sources */ = {isa = PBXBuildFile; fileRef = 384B532E2375FE3D00AA9538 /* ProductView.swift */; };
		384B53772377289C00AA9538 /* Future.framework in Frameworks */ = {isa = PBXBuildFile; fileRef = 384B53762377289C00AA9538 /* Future.framework */; };
		384B53782377289C00AA9538 /* Future.framework in Embed Frameworks */ = {isa = PBXBuildFile; fileRef = 384B53762377289C00AA9538 /* Future.framework */; settings = {ATTRIBUTES = (CodeSignOnCopy, RemoveHeadersOnCopy, ); }; };
		384B537A237728A100AA9538 /* Domain.framework in Frameworks */ = {isa = PBXBuildFile; fileRef = 384B5379237728A100AA9538 /* Domain.framework */; };
		384B537B237728A100AA9538 /* Domain.framework in Embed Frameworks */ = {isa = PBXBuildFile; fileRef = 384B5379237728A100AA9538 /* Domain.framework */; settings = {ATTRIBUTES = (CodeSignOnCopy, RemoveHeadersOnCopy, ); }; };
		384B537D237728A700AA9538 /* NetworkLayer.framework in Frameworks */ = {isa = PBXBuildFile; fileRef = 384B537C237728A700AA9538 /* NetworkLayer.framework */; };
		384B537E237728A700AA9538 /* NetworkLayer.framework in Embed Frameworks */ = {isa = PBXBuildFile; fileRef = 384B537C237728A700AA9538 /* NetworkLayer.framework */; settings = {ATTRIBUTES = (CodeSignOnCopy, RemoveHeadersOnCopy, ); }; };
		384B5380237728AC00AA9538 /* Utility.framework in Frameworks */ = {isa = PBXBuildFile; fileRef = 384B537F237728AC00AA9538 /* Utility.framework */; };
		384B5381237728AC00AA9538 /* Utility.framework in Embed Frameworks */ = {isa = PBXBuildFile; fileRef = 384B537F237728AC00AA9538 /* Utility.framework */; settings = {ATTRIBUTES = (CodeSignOnCopy, RemoveHeadersOnCopy, ); }; };
		384B53842377BA5900AA9538 /* InCityPresenter.swift in Sources */ = {isa = PBXBuildFile; fileRef = 384B53832377BA5900AA9538 /* InCityPresenter.swift */; };
		384B538A2378948D00AA9538 /* GenericDataSource.swift in Sources */ = {isa = PBXBuildFile; fileRef = 384B53892378948D00AA9538 /* GenericDataSource.swift */; };
		384B53912379AEFA00AA9538 /* CityButton.swift in Sources */ = {isa = PBXBuildFile; fileRef = 384B53902379AEFA00AA9538 /* CityButton.swift */; };
		384B53972379C37400AA9538 /* Resources.framework in Frameworks */ = {isa = PBXBuildFile; fileRef = 384B53962379C37400AA9538 /* Resources.framework */; };
		384B53982379C37400AA9538 /* Resources.framework in Embed Frameworks */ = {isa = PBXBuildFile; fileRef = 384B53962379C37400AA9538 /* Resources.framework */; settings = {ATTRIBUTES = (CodeSignOnCopy, RemoveHeadersOnCopy, ); }; };
		384B539C237A1B6D00AA9538 /* NavigationViewController.swift in Sources */ = {isa = PBXBuildFile; fileRef = 384B539B237A1B6D00AA9538 /* NavigationViewController.swift */; };
		384B53A7237A266700AA9538 /* NavigationBarButtons.swift in Sources */ = {isa = PBXBuildFile; fileRef = 384B53A6237A266700AA9538 /* NavigationBarButtons.swift */; };
		8BD55A33408C7ED609CAAC85 /* Pods_AppTests.framework in Frameworks */ = {isa = PBXBuildFile; fileRef = E90E3660F1C78AB74F524486 /* Pods_AppTests.framework */; };
/* End PBXBuildFile section */

/* Begin PBXContainerItemProxy section */
		384B51532374D14F00AA9538 /* PBXContainerItemProxy */ = {
			isa = PBXContainerItemProxy;
			containerPortal = 384B51342374D14D00AA9538 /* Project object */;
			proxyType = 1;
			remoteGlobalIDString = 384B513B2374D14D00AA9538;
			remoteInfo = "desafio-ios";
		};
/* End PBXContainerItemProxy section */

/* Begin PBXCopyFilesBuildPhase section */
		384B51802374D51400AA9538 /* Embed Frameworks */ = {
			isa = PBXCopyFilesBuildPhase;
			buildActionMask = 2147483647;
			dstPath = "";
			dstSubfolderSpec = 10;
			files = (
				384B537E237728A700AA9538 /* NetworkLayer.framework in Embed Frameworks */,
				384B53982379C37400AA9538 /* Resources.framework in Embed Frameworks */,
				384B5381237728AC00AA9538 /* Utility.framework in Embed Frameworks */,
				384B537B237728A100AA9538 /* Domain.framework in Embed Frameworks */,
				384B53782377289C00AA9538 /* Future.framework in Embed Frameworks */,
			);
			name = "Embed Frameworks";
			runOnlyForDeploymentPostprocessing = 0;
		};
/* End PBXCopyFilesBuildPhase section */

/* Begin PBXFileReference section */
		24F0980079A44119CAA0F5FD /* Pods-App.debug.xcconfig */ = {isa = PBXFileReference; includeInIndex = 1; lastKnownFileType = text.xcconfig; name = "Pods-App.debug.xcconfig"; path = "Target Support Files/Pods-App/Pods-App.debug.xcconfig"; sourceTree = "<group>"; };
		2CAA1D9961A571AD14E00C99 /* Pods-AppTests.release.xcconfig */ = {isa = PBXFileReference; includeInIndex = 1; lastKnownFileType = text.xcconfig; name = "Pods-AppTests.release.xcconfig"; path = "Target Support Files/Pods-AppTests/Pods-AppTests.release.xcconfig"; sourceTree = "<group>"; };
		384B513C2374D14D00AA9538 /* Desafio iOS.app */ = {isa = PBXFileReference; explicitFileType = wrapper.application; includeInIndex = 0; path = "Desafio iOS.app"; sourceTree = BUILT_PRODUCTS_DIR; };
		384B513F2374D14D00AA9538 /* AppDelegate.swift */ = {isa = PBXFileReference; lastKnownFileType = sourcecode.swift; path = AppDelegate.swift; sourceTree = "<group>"; };
		384B51452374D14F00AA9538 /* Assets.xcassets */ = {isa = PBXFileReference; lastKnownFileType = folder.assetcatalog; path = Assets.xcassets; sourceTree = "<group>"; };
		384B514B2374D14F00AA9538 /* Base */ = {isa = PBXFileReference; lastKnownFileType = file.storyboard; name = Base; path = Base.lproj/LaunchScreen.storyboard; sourceTree = "<group>"; };
		384B514D2374D14F00AA9538 /* Info.plist */ = {isa = PBXFileReference; lastKnownFileType = text.plist.xml; path = Info.plist; sourceTree = "<group>"; };
		384B51522374D14F00AA9538 /* AppTests.xctest */ = {isa = PBXFileReference; explicitFileType = wrapper.cfbundle; includeInIndex = 0; path = AppTests.xctest; sourceTree = BUILT_PRODUCTS_DIR; };
		384B51562374D14F00AA9538 /* desafio_iosTests.swift */ = {isa = PBXFileReference; lastKnownFileType = sourcecode.swift; path = desafio_iosTests.swift; sourceTree = "<group>"; };
		384B51582374D14F00AA9538 /* Info.plist */ = {isa = PBXFileReference; lastKnownFileType = text.plist.xml; path = Info.plist; sourceTree = "<group>"; };
		384B52EE2374E79800AA9538 /* MainCoordinator.swift */ = {isa = PBXFileReference; lastKnownFileType = sourcecode.swift; path = MainCoordinator.swift; sourceTree = "<group>"; };
		384B52F02374E7F600AA9538 /* HomeCoordinator.swift */ = {isa = PBXFileReference; lastKnownFileType = sourcecode.swift; path = HomeCoordinator.swift; sourceTree = "<group>"; };
		384B530F2375F0FC00AA9538 /* InCityBuilder.swift */ = {isa = PBXFileReference; lastKnownFileType = sourcecode.swift; path = InCityBuilder.swift; sourceTree = "<group>"; };
		384B53112375F17F00AA9538 /* InCityView.swift */ = {isa = PBXFileReference; lastKnownFileType = sourcecode.swift; path = InCityView.swift; sourceTree = "<group>"; };
		384B53172375F22D00AA9538 /* ProductsView.swift */ = {isa = PBXFileReference; lastKnownFileType = sourcecode.swift; path = ProductsView.swift; sourceTree = "<group>"; };
		384B53192375F23700AA9538 /* TravelsView.swift */ = {isa = PBXFileReference; lastKnownFileType = sourcecode.swift; path = TravelsView.swift; sourceTree = "<group>"; };
		384B531B2375F26000AA9538 /* TravelsBuilder.swift */ = {isa = PBXFileReference; lastKnownFileType = sourcecode.swift; path = TravelsBuilder.swift; sourceTree = "<group>"; };
		384B531D2375F28400AA9538 /* ProductsBuilder.swift */ = {isa = PBXFileReference; lastKnownFileType = sourcecode.swift; path = ProductsBuilder.swift; sourceTree = "<group>"; };
		384B53222375F7F200AA9538 /* MainBuilder.swift */ = {isa = PBXFileReference; lastKnownFileType = sourcecode.swift; path = MainBuilder.swift; sourceTree = "<group>"; };
		384B532E2375FE3D00AA9538 /* ProductView.swift */ = {isa = PBXFileReference; lastKnownFileType = sourcecode.swift; path = ProductView.swift; sourceTree = "<group>"; };
		384B53762377289C00AA9538 /* Future.framework */ = {isa = PBXFileReference; explicitFileType = wrapper.framework; path = Future.framework; sourceTree = BUILT_PRODUCTS_DIR; };
		384B5379237728A100AA9538 /* Domain.framework */ = {isa = PBXFileReference; explicitFileType = wrapper.framework; path = Domain.framework; sourceTree = BUILT_PRODUCTS_DIR; };
		384B537C237728A700AA9538 /* NetworkLayer.framework */ = {isa = PBXFileReference; explicitFileType = wrapper.framework; path = NetworkLayer.framework; sourceTree = BUILT_PRODUCTS_DIR; };
		384B537F237728AC00AA9538 /* Utility.framework */ = {isa = PBXFileReference; explicitFileType = wrapper.framework; path = Utility.framework; sourceTree = BUILT_PRODUCTS_DIR; };
		384B53832377BA5900AA9538 /* InCityPresenter.swift */ = {isa = PBXFileReference; lastKnownFileType = sourcecode.swift; path = InCityPresenter.swift; sourceTree = "<group>"; };
		384B53892378948D00AA9538 /* GenericDataSource.swift */ = {isa = PBXFileReference; lastKnownFileType = sourcecode.swift; path = GenericDataSource.swift; sourceTree = "<group>"; };
		384B53902379AEFA00AA9538 /* CityButton.swift */ = {isa = PBXFileReference; lastKnownFileType = sourcecode.swift; path = CityButton.swift; sourceTree = "<group>"; };
		384B53962379C37400AA9538 /* Resources.framework */ = {isa = PBXFileReference; explicitFileType = wrapper.framework; path = Resources.framework; sourceTree = BUILT_PRODUCTS_DIR; };
		384B539B237A1B6D00AA9538 /* NavigationViewController.swift */ = {isa = PBXFileReference; lastKnownFileType = sourcecode.swift; path = NavigationViewController.swift; sourceTree = "<group>"; };
		384B53A6237A266700AA9538 /* NavigationBarButtons.swift */ = {isa = PBXFileReference; lastKnownFileType = sourcecode.swift; path = NavigationBarButtons.swift; sourceTree = "<group>"; };
		63D0D98243E0E8C3E0A2D8CC /* Pods-App.release.xcconfig */ = {isa = PBXFileReference; includeInIndex = 1; lastKnownFileType = text.xcconfig; name = "Pods-App.release.xcconfig"; path = "Target Support Files/Pods-App/Pods-App.release.xcconfig"; sourceTree = "<group>"; };
		64A59C436C163A625858051F /* Pods-desafio-ios.debug.xcconfig */ = {isa = PBXFileReference; includeInIndex = 1; lastKnownFileType = text.xcconfig; name = "Pods-desafio-ios.debug.xcconfig"; path = "Target Support Files/Pods-desafio-ios/Pods-desafio-ios.debug.xcconfig"; sourceTree = "<group>"; };
		83B25E3E0A5C58B04407B09A /* Pods-desafio-ios.release.xcconfig */ = {isa = PBXFileReference; includeInIndex = 1; lastKnownFileType = text.xcconfig; name = "Pods-desafio-ios.release.xcconfig"; path = "Target Support Files/Pods-desafio-ios/Pods-desafio-ios.release.xcconfig"; sourceTree = "<group>"; };
		94C0F9E744B0A4CAF5019CF5 /* Pods-desafio-iosTests.debug.xcconfig */ = {isa = PBXFileReference; includeInIndex = 1; lastKnownFileType = text.xcconfig; name = "Pods-desafio-iosTests.debug.xcconfig"; path = "Target Support Files/Pods-desafio-iosTests/Pods-desafio-iosTests.debug.xcconfig"; sourceTree = "<group>"; };
		B3347D91C6A85E1C413ED3C6 /* Pods_App.framework */ = {isa = PBXFileReference; explicitFileType = wrapper.framework; includeInIndex = 0; path = Pods_App.framework; sourceTree = BUILT_PRODUCTS_DIR; };
		C2E774B33BACACC5D49EBE52 /* Pods-desafio-iosTests.release.xcconfig */ = {isa = PBXFileReference; includeInIndex = 1; lastKnownFileType = text.xcconfig; name = "Pods-desafio-iosTests.release.xcconfig"; path = "Target Support Files/Pods-desafio-iosTests/Pods-desafio-iosTests.release.xcconfig"; sourceTree = "<group>"; };
		E90E3660F1C78AB74F524486 /* Pods_AppTests.framework */ = {isa = PBXFileReference; explicitFileType = wrapper.framework; includeInIndex = 0; path = Pods_AppTests.framework; sourceTree = BUILT_PRODUCTS_DIR; };
		E9A60B7C3E084338021E141A /* Pods-AppTests.debug.xcconfig */ = {isa = PBXFileReference; includeInIndex = 1; lastKnownFileType = text.xcconfig; name = "Pods-AppTests.debug.xcconfig"; path = "Target Support Files/Pods-AppTests/Pods-AppTests.debug.xcconfig"; sourceTree = "<group>"; };
/* End PBXFileReference section */

/* Begin PBXFrameworksBuildPhase section */
		384B51392374D14D00AA9538 /* Frameworks */ = {
			isa = PBXFrameworksBuildPhase;
			buildActionMask = 2147483647;
			files = (
				384B537A237728A100AA9538 /* Domain.framework in Frameworks */,
				384B537D237728A700AA9538 /* NetworkLayer.framework in Frameworks */,
				384B53972379C37400AA9538 /* Resources.framework in Frameworks */,
				384B5380237728AC00AA9538 /* Utility.framework in Frameworks */,
				384B53772377289C00AA9538 /* Future.framework in Frameworks */,
				25CC53FA440586F2F2BB7460 /* Pods_App.framework in Frameworks */,
			);
			runOnlyForDeploymentPostprocessing = 0;
		};
		384B514F2374D14F00AA9538 /* Frameworks */ = {
			isa = PBXFrameworksBuildPhase;
			buildActionMask = 2147483647;
			files = (
				8BD55A33408C7ED609CAAC85 /* Pods_AppTests.framework in Frameworks */,
			);
			runOnlyForDeploymentPostprocessing = 0;
		};
/* End PBXFrameworksBuildPhase section */

/* Begin PBXGroup section */
		384B51332374D14D00AA9538 = {
			isa = PBXGroup;
			children = (
				3BDCB85A7F1BF172577105C1 /* Frameworks */,
				FABC2CD869F751CD3B9512BA /* Pods */,
				384B513D2374D14D00AA9538 /* Products */,
				384B513E2374D14D00AA9538 /* App */,
				384B51552374D14F00AA9538 /* AppTests */,
			);
			sourceTree = "<group>";
		};
		384B513D2374D14D00AA9538 /* Products */ = {
			isa = PBXGroup;
			children = (
				384B513C2374D14D00AA9538 /* Desafio iOS.app */,
				384B51522374D14F00AA9538 /* AppTests.xctest */,
			);
			name = Products;
			sourceTree = "<group>";
		};
		384B513E2374D14D00AA9538 /* App */ = {
			isa = PBXGroup;
			children = (
				384B51612374D17F00AA9538 /* AppDelegate */,
				384B532C2375FE2500AA9538 /* Components */,
				384B51622374D18D00AA9538 /* Resources */,
				384B52E32374E6CE00AA9538 /* Screens */,
			);
			path = App;
			sourceTree = "<group>";
		};
		384B51552374D14F00AA9538 /* AppTests */ = {
			isa = PBXGroup;
			children = (
				384B51582374D14F00AA9538 /* Info.plist */,
				384B51562374D14F00AA9538 /* desafio_iosTests.swift */,
			);
			path = AppTests;
			sourceTree = "<group>";
		};
		384B51612374D17F00AA9538 /* AppDelegate */ = {
			isa = PBXGroup;
			children = (
				384B513F2374D14D00AA9538 /* AppDelegate.swift */,
			);
			path = AppDelegate;
			sourceTree = "<group>";
		};
		384B51622374D18D00AA9538 /* Resources */ = {
			isa = PBXGroup;
			children = (
				384B51632374D19300AA9538 /* Storyboard */,
				384B51452374D14F00AA9538 /* Assets.xcassets */,
				384B514D2374D14F00AA9538 /* Info.plist */,
			);
			path = Resources;
			sourceTree = "<group>";
		};
		384B51632374D19300AA9538 /* Storyboard */ = {
			isa = PBXGroup;
			children = (
				384B514A2374D14F00AA9538 /* LaunchScreen.storyboard */,
			);
			path = Storyboard;
			sourceTree = "<group>";
		};
		384B52E32374E6CE00AA9538 /* Screens */ = {
			isa = PBXGroup;
			children = (
				384B52E42374E6D900AA9538 /* Home */,
				384B52E52374E6F600AA9538 /* InCity */,
				384B531F2375F7C700AA9538 /* Main */,
				384B52E72374E70C00AA9538 /* Products */,
				384B52E62374E70300AA9538 /* Travels */,
			);
			path = Screens;
			sourceTree = "<group>";
		};
		384B52E42374E6D900AA9538 /* Home */ = {
			isa = PBXGroup;
			children = (
				384B53242375F8C500AA9538 /* Coordinator */,
			);
			path = Home;
			sourceTree = "<group>";
		};
		384B52E52374E6F600AA9538 /* InCity */ = {
			isa = PBXGroup;
			children = (
				384B52E92374E71900AA9538 /* Builder */,
				384B53822377BA3E00AA9538 /* Presenter */,
				384B52E82374E71400AA9538 /* View */,
			);
			path = InCity;
			sourceTree = "<group>";
		};
		384B52E62374E70300AA9538 /* Travels */ = {
			isa = PBXGroup;
			children = (
				384B53132375F20E00AA9538 /* Builder */,
				384B53142375F21300AA9538 /* View */,
			);
			path = Travels;
			sourceTree = "<group>";
		};
		384B52E72374E70C00AA9538 /* Products */ = {
			isa = PBXGroup;
			children = (
				384B53152375F21800AA9538 /* Builder */,
				384B53162375F21C00AA9538 /* View */,
			);
			path = Products;
			sourceTree = "<group>";
		};
		384B52E82374E71400AA9538 /* View */ = {
			isa = PBXGroup;
			children = (
				384B53112375F17F00AA9538 /* InCityView.swift */,
			);
			path = View;
			sourceTree = "<group>";
		};
		384B52E92374E71900AA9538 /* Builder */ = {
			isa = PBXGroup;
			children = (
				384B530F2375F0FC00AA9538 /* InCityBuilder.swift */,
			);
			path = Builder;
			sourceTree = "<group>";
		};
		384B53132375F20E00AA9538 /* Builder */ = {
			isa = PBXGroup;
			children = (
				384B531B2375F26000AA9538 /* TravelsBuilder.swift */,
			);
			path = Builder;
			sourceTree = "<group>";
		};
		384B53142375F21300AA9538 /* View */ = {
			isa = PBXGroup;
			children = (
				384B53192375F23700AA9538 /* TravelsView.swift */,
			);
			path = View;
			sourceTree = "<group>";
		};
		384B53152375F21800AA9538 /* Builder */ = {
			isa = PBXGroup;
			children = (
				384B531D2375F28400AA9538 /* ProductsBuilder.swift */,
			);
			path = Builder;
			sourceTree = "<group>";
		};
		384B53162375F21C00AA9538 /* View */ = {
			isa = PBXGroup;
			children = (
				384B53172375F22D00AA9538 /* ProductsView.swift */,
			);
			path = View;
			sourceTree = "<group>";
		};
		384B531F2375F7C700AA9538 /* Main */ = {
			isa = PBXGroup;
			children = (
				384B53212375F7DD00AA9538 /* Builder */,
				384B53202375F7D300AA9538 /* Coordinator */,
			);
			path = Main;
			sourceTree = "<group>";
		};
		384B53202375F7D300AA9538 /* Coordinator */ = {
			isa = PBXGroup;
			children = (
				384B52EE2374E79800AA9538 /* MainCoordinator.swift */,
			);
			path = Coordinator;
			sourceTree = "<group>";
		};
		384B53212375F7DD00AA9538 /* Builder */ = {
			isa = PBXGroup;
			children = (
				384B53222375F7F200AA9538 /* MainBuilder.swift */,
			);
			path = Builder;
			sourceTree = "<group>";
		};
		384B53242375F8C500AA9538 /* Coordinator */ = {
			isa = PBXGroup;
			children = (
				384B52F02374E7F600AA9538 /* HomeCoordinator.swift */,
			);
			path = Coordinator;
			sourceTree = "<group>";
		};
		384B532C2375FE2500AA9538 /* Components */ = {
			isa = PBXGroup;
			children = (
				384B53A5237A265600AA9538 /* Helpers */,
				384B532D2375FE2B00AA9538 /* View */,
			);
			path = Components;
			sourceTree = "<group>";
		};
		384B532D2375FE2B00AA9538 /* View */ = {
			isa = PBXGroup;
			children = (
				384B532E2375FE3D00AA9538 /* ProductView.swift */,
				384B53902379AEFA00AA9538 /* CityButton.swift */,
				384B539B237A1B6D00AA9538 /* NavigationViewController.swift */,
			);
			path = View;
			sourceTree = "<group>";
		};
		384B53822377BA3E00AA9538 /* Presenter */ = {
			isa = PBXGroup;
			children = (
				384B53832377BA5900AA9538 /* InCityPresenter.swift */,
			);
			path = Presenter;
			sourceTree = "<group>";
		};
		384B53A5237A265600AA9538 /* Helpers */ = {
			isa = PBXGroup;
			children = (
				384B53892378948D00AA9538 /* GenericDataSource.swift */,
				384B53A6237A266700AA9538 /* NavigationBarButtons.swift */,
			);
			path = Helpers;
			sourceTree = "<group>";
		};
		3BDCB85A7F1BF172577105C1 /* Frameworks */ = {
			isa = PBXGroup;
			children = (
				384B53962379C37400AA9538 /* Resources.framework */,
				384B537F237728AC00AA9538 /* Utility.framework */,
				384B537C237728A700AA9538 /* NetworkLayer.framework */,
				384B5379237728A100AA9538 /* Domain.framework */,
				384B53762377289C00AA9538 /* Future.framework */,
				B3347D91C6A85E1C413ED3C6 /* Pods_App.framework */,
				E90E3660F1C78AB74F524486 /* Pods_AppTests.framework */,
			);
			name = Frameworks;
			sourceTree = "<group>";
		};
		FABC2CD869F751CD3B9512BA /* Pods */ = {
			isa = PBXGroup;
			children = (
				64A59C436C163A625858051F /* Pods-desafio-ios.debug.xcconfig */,
				83B25E3E0A5C58B04407B09A /* Pods-desafio-ios.release.xcconfig */,
				94C0F9E744B0A4CAF5019CF5 /* Pods-desafio-iosTests.debug.xcconfig */,
				C2E774B33BACACC5D49EBE52 /* Pods-desafio-iosTests.release.xcconfig */,
				24F0980079A44119CAA0F5FD /* Pods-App.debug.xcconfig */,
				63D0D98243E0E8C3E0A2D8CC /* Pods-App.release.xcconfig */,
				E9A60B7C3E084338021E141A /* Pods-AppTests.debug.xcconfig */,
				2CAA1D9961A571AD14E00C99 /* Pods-AppTests.release.xcconfig */,
			);
			path = Pods;
			sourceTree = "<group>";
		};
/* End PBXGroup section */

/* Begin PBXNativeTarget section */
		384B513B2374D14D00AA9538 /* App */ = {
			isa = PBXNativeTarget;
			buildConfigurationList = 384B515B2374D14F00AA9538 /* Build configuration list for PBXNativeTarget "App" */;
			buildPhases = (
				82DAE6D38CCDC71027512DC5 /* [CP] Check Pods Manifest.lock */,
				384B51382374D14D00AA9538 /* Sources */,
				384B53042375EA5100AA9538 /* SwiftGen */,
				384B51392374D14D00AA9538 /* Frameworks */,
				384B513A2374D14D00AA9538 /* Resources */,
				384B53A4237A236800AA9538 /* Swiftlint */,
				AEFD8891DE5D5AC17D25111A /* [CP] Embed Pods Frameworks */,
				384B51802374D51400AA9538 /* Embed Frameworks */,
			);
			buildRules = (
			);
			dependencies = (
			);
			name = App;
			productName = "desafio-ios";
			productReference = 384B513C2374D14D00AA9538 /* Desafio iOS.app */;
			productType = "com.apple.product-type.application";
		};
		384B51512374D14F00AA9538 /* AppTests */ = {
			isa = PBXNativeTarget;
			buildConfigurationList = 384B515E2374D14F00AA9538 /* Build configuration list for PBXNativeTarget "AppTests" */;
			buildPhases = (
				B33358F1261CF57A38EDD7B7 /* [CP] Check Pods Manifest.lock */,
				384B514E2374D14F00AA9538 /* Sources */,
				384B514F2374D14F00AA9538 /* Frameworks */,
				384B51502374D14F00AA9538 /* Resources */,
			);
			buildRules = (
			);
			dependencies = (
				384B51542374D14F00AA9538 /* PBXTargetDependency */,
			);
			name = AppTests;
			productName = "desafio-iosTests";
			productReference = 384B51522374D14F00AA9538 /* AppTests.xctest */;
			productType = "com.apple.product-type.bundle.unit-test";
		};
/* End PBXNativeTarget section */

/* Begin PBXProject section */
		384B51342374D14D00AA9538 /* Project object */ = {
			isa = PBXProject;
			attributes = {
				LastSwiftUpdateCheck = 1120;
				LastUpgradeCheck = 1120;
				ORGANIZATIONNAME = jean.vinge;
				TargetAttributes = {
					384B513B2374D14D00AA9538 = {
						CreatedOnToolsVersion = 11.2;
					};
					384B51512374D14F00AA9538 = {
						CreatedOnToolsVersion = 11.2;
						TestTargetID = 384B513B2374D14D00AA9538;
					};
				};
			};
			buildConfigurationList = 384B51372374D14D00AA9538 /* Build configuration list for PBXProject "App" */;
			compatibilityVersion = "Xcode 9.3";
			developmentRegion = en;
			hasScannedForEncodings = 0;
			knownRegions = (
				en,
				Base,
			);
			mainGroup = 384B51332374D14D00AA9538;
			productRefGroup = 384B513D2374D14D00AA9538 /* Products */;
			projectDirPath = "";
			projectRoot = "";
			targets = (
				384B513B2374D14D00AA9538 /* App */,
				384B51512374D14F00AA9538 /* AppTests */,
			);
		};
/* End PBXProject section */

/* Begin PBXResourcesBuildPhase section */
		384B513A2374D14D00AA9538 /* Resources */ = {
			isa = PBXResourcesBuildPhase;
			buildActionMask = 2147483647;
			files = (
				384B514C2374D14F00AA9538 /* LaunchScreen.storyboard in Resources */,
				384B51462374D14F00AA9538 /* Assets.xcassets in Resources */,
			);
			runOnlyForDeploymentPostprocessing = 0;
		};
		384B51502374D14F00AA9538 /* Resources */ = {
			isa = PBXResourcesBuildPhase;
			buildActionMask = 2147483647;
			files = (
			);
			runOnlyForDeploymentPostprocessing = 0;
		};
/* End PBXResourcesBuildPhase section */

/* Begin PBXShellScriptBuildPhase section */
		384B53042375EA5100AA9538 /* SwiftGen */ = {
			isa = PBXShellScriptBuildPhase;
			buildActionMask = 2147483647;
			files = (
			);
			inputFileListPaths = (
			);
			inputPaths = (
			);
			name = SwiftGen;
			outputFileListPaths = (
			);
			outputPaths = (
			);
			runOnlyForDeploymentPostprocessing = 0;
			shellPath = /bin/sh;
			shellScript = "\"$PODS_ROOT\"/SwiftGen/bin/swiftgen config run\n";
		};
		384B53A4237A236800AA9538 /* Swiftlint */ = {
			isa = PBXShellScriptBuildPhase;
			buildActionMask = 2147483647;
			files = (
			);
			inputFileListPaths = (
			);
			inputPaths = (
			);
			name = Swiftlint;
			outputFileListPaths = (
			);
			outputPaths = (
			);
			runOnlyForDeploymentPostprocessing = 0;
			shellPath = /bin/sh;
			shellScript = "\"${PODS_ROOT}/SwiftLint/swiftlint\"\n";
		};
		82DAE6D38CCDC71027512DC5 /* [CP] Check Pods Manifest.lock */ = {
			isa = PBXShellScriptBuildPhase;
			buildActionMask = 2147483647;
			files = (
			);
			inputFileListPaths = (
			);
			inputPaths = (
				"${PODS_PODFILE_DIR_PATH}/Podfile.lock",
				"${PODS_ROOT}/Manifest.lock",
			);
			name = "[CP] Check Pods Manifest.lock";
			outputFileListPaths = (
			);
			outputPaths = (
				"$(DERIVED_FILE_DIR)/Pods-App-checkManifestLockResult.txt",
			);
			runOnlyForDeploymentPostprocessing = 0;
			shellPath = /bin/sh;
			shellScript = "diff \"${PODS_PODFILE_DIR_PATH}/Podfile.lock\" \"${PODS_ROOT}/Manifest.lock\" > /dev/null\nif [ $? != 0 ] ; then\n    # print error to STDERR\n    echo \"error: The sandbox is not in sync with the Podfile.lock. Run 'pod install' or update your CocoaPods installation.\" >&2\n    exit 1\nfi\n# This output is used by Xcode 'outputs' to avoid re-running this script phase.\necho \"SUCCESS\" > \"${SCRIPT_OUTPUT_FILE_0}\"\n";
			showEnvVarsInLog = 0;
		};
		AEFD8891DE5D5AC17D25111A /* [CP] Embed Pods Frameworks */ = {
			isa = PBXShellScriptBuildPhase;
			buildActionMask = 2147483647;
			files = (
			);
			inputFileListPaths = (
				"${PODS_ROOT}/Target Support Files/Pods-App/Pods-App-frameworks-${CONFIGURATION}-input-files.xcfilelist",
			);
			name = "[CP] Embed Pods Frameworks";
			outputFileListPaths = (
				"${PODS_ROOT}/Target Support Files/Pods-App/Pods-App-frameworks-${CONFIGURATION}-output-files.xcfilelist",
			);
			runOnlyForDeploymentPostprocessing = 0;
			shellPath = /bin/sh;
			shellScript = "\"${PODS_ROOT}/Target Support Files/Pods-App/Pods-App-frameworks.sh\"\n";
			showEnvVarsInLog = 0;
		};
		B33358F1261CF57A38EDD7B7 /* [CP] Check Pods Manifest.lock */ = {
			isa = PBXShellScriptBuildPhase;
			buildActionMask = 2147483647;
			files = (
			);
			inputFileListPaths = (
			);
			inputPaths = (
				"${PODS_PODFILE_DIR_PATH}/Podfile.lock",
				"${PODS_ROOT}/Manifest.lock",
			);
			name = "[CP] Check Pods Manifest.lock";
			outputFileListPaths = (
			);
			outputPaths = (
				"$(DERIVED_FILE_DIR)/Pods-AppTests-checkManifestLockResult.txt",
			);
			runOnlyForDeploymentPostprocessing = 0;
			shellPath = /bin/sh;
			shellScript = "diff \"${PODS_PODFILE_DIR_PATH}/Podfile.lock\" \"${PODS_ROOT}/Manifest.lock\" > /dev/null\nif [ $? != 0 ] ; then\n    # print error to STDERR\n    echo \"error: The sandbox is not in sync with the Podfile.lock. Run 'pod install' or update your CocoaPods installation.\" >&2\n    exit 1\nfi\n# This output is used by Xcode 'outputs' to avoid re-running this script phase.\necho \"SUCCESS\" > \"${SCRIPT_OUTPUT_FILE_0}\"\n";
			showEnvVarsInLog = 0;
		};
/* End PBXShellScriptBuildPhase section */

/* Begin PBXSourcesBuildPhase section */
		384B51382374D14D00AA9538 /* Sources */ = {
			isa = PBXSourcesBuildPhase;
			buildActionMask = 2147483647;
			files = (
				384B51402374D14D00AA9538 /* AppDelegate.swift in Sources */,
				384B53102375F0FC00AA9538 /* InCityBuilder.swift in Sources */,
				384B53182375F22D00AA9538 /* ProductsView.swift in Sources */,
				384B539C237A1B6D00AA9538 /* NavigationViewController.swift in Sources */,
				384B53122375F17F00AA9538 /* InCityView.swift in Sources */,
				384B53912379AEFA00AA9538 /* CityButton.swift in Sources */,
				384B53232375F7F200AA9538 /* MainBuilder.swift in Sources */,
				384B531E2375F28400AA9538 /* ProductsBuilder.swift in Sources */,
				384B531A2375F23700AA9538 /* TravelsView.swift in Sources */,
				384B53A7237A266700AA9538 /* NavigationBarButtons.swift in Sources */,
				384B532F2375FE3D00AA9538 /* ProductView.swift in Sources */,
				384B53842377BA5900AA9538 /* InCityPresenter.swift in Sources */,
				384B52EF2374E79800AA9538 /* MainCoordinator.swift in Sources */,
				384B52F12374E7F600AA9538 /* HomeCoordinator.swift in Sources */,
				384B538A2378948D00AA9538 /* GenericDataSource.swift in Sources */,
				384B531C2375F26000AA9538 /* TravelsBuilder.swift in Sources */,
			);
			runOnlyForDeploymentPostprocessing = 0;
		};
		384B514E2374D14F00AA9538 /* Sources */ = {
			isa = PBXSourcesBuildPhase;
			buildActionMask = 2147483647;
			files = (
				384B51572374D14F00AA9538 /* desafio_iosTests.swift in Sources */,
			);
			runOnlyForDeploymentPostprocessing = 0;
		};
/* End PBXSourcesBuildPhase section */

/* Begin PBXTargetDependency section */
		384B51542374D14F00AA9538 /* PBXTargetDependency */ = {
			isa = PBXTargetDependency;
			target = 384B513B2374D14D00AA9538 /* App */;
			targetProxy = 384B51532374D14F00AA9538 /* PBXContainerItemProxy */;
		};
/* End PBXTargetDependency section */

/* Begin PBXVariantGroup section */
		384B514A2374D14F00AA9538 /* LaunchScreen.storyboard */ = {
			isa = PBXVariantGroup;
			children = (
				384B514B2374D14F00AA9538 /* Base */,
			);
			name = LaunchScreen.storyboard;
			path = .;
			sourceTree = "<group>";
		};
/* End PBXVariantGroup section */

/* Begin XCBuildConfiguration section */
		384B51592374D14F00AA9538 /* Debug */ = {
			isa = XCBuildConfiguration;
			buildSettings = {
				ALWAYS_SEARCH_USER_PATHS = NO;
				CLANG_ANALYZER_NONNULL = YES;
				CLANG_ANALYZER_NUMBER_OBJECT_CONVERSION = YES_AGGRESSIVE;
				CLANG_CXX_LANGUAGE_STANDARD = "gnu++14";
				CLANG_CXX_LIBRARY = "libc++";
				CLANG_ENABLE_MODULES = YES;
				CLANG_ENABLE_OBJC_ARC = YES;
				CLANG_ENABLE_OBJC_WEAK = YES;
				CLANG_WARN_BLOCK_CAPTURE_AUTORELEASING = YES;
				CLANG_WARN_BOOL_CONVERSION = YES;
				CLANG_WARN_COMMA = YES;
				CLANG_WARN_CONSTANT_CONVERSION = YES;
				CLANG_WARN_DEPRECATED_OBJC_IMPLEMENTATIONS = YES;
				CLANG_WARN_DIRECT_OBJC_ISA_USAGE = YES_ERROR;
				CLANG_WARN_DOCUMENTATION_COMMENTS = YES;
				CLANG_WARN_EMPTY_BODY = YES;
				CLANG_WARN_ENUM_CONVERSION = YES;
				CLANG_WARN_INFINITE_RECURSION = YES;
				CLANG_WARN_INT_CONVERSION = YES;
				CLANG_WARN_NON_LITERAL_NULL_CONVERSION = YES;
				CLANG_WARN_OBJC_IMPLICIT_RETAIN_SELF = YES;
				CLANG_WARN_OBJC_LITERAL_CONVERSION = YES;
				CLANG_WARN_OBJC_ROOT_CLASS = YES_ERROR;
				CLANG_WARN_RANGE_LOOP_ANALYSIS = YES;
				CLANG_WARN_STRICT_PROTOTYPES = YES;
				CLANG_WARN_SUSPICIOUS_MOVE = YES;
				CLANG_WARN_UNGUARDED_AVAILABILITY = YES_AGGRESSIVE;
				CLANG_WARN_UNREACHABLE_CODE = YES;
				CLANG_WARN__DUPLICATE_METHOD_MATCH = YES;
				COPY_PHASE_STRIP = NO;
				DEBUG_INFORMATION_FORMAT = dwarf;
				ENABLE_STRICT_OBJC_MSGSEND = YES;
				ENABLE_TESTABILITY = YES;
				GCC_C_LANGUAGE_STANDARD = gnu11;
				GCC_DYNAMIC_NO_PIC = NO;
				GCC_NO_COMMON_BLOCKS = YES;
				GCC_OPTIMIZATION_LEVEL = 0;
				GCC_PREPROCESSOR_DEFINITIONS = (
					"DEBUG=1",
					"$(inherited)",
				);
				GCC_WARN_64_TO_32_BIT_CONVERSION = YES;
				GCC_WARN_ABOUT_RETURN_TYPE = YES_ERROR;
				GCC_WARN_UNDECLARED_SELECTOR = YES;
				GCC_WARN_UNINITIALIZED_AUTOS = YES_AGGRESSIVE;
				GCC_WARN_UNUSED_FUNCTION = YES;
				GCC_WARN_UNUSED_VARIABLE = YES;
				IPHONEOS_DEPLOYMENT_TARGET = 12.0;
				MTL_ENABLE_DEBUG_INFO = INCLUDE_SOURCE;
				MTL_FAST_MATH = YES;
				ONLY_ACTIVE_ARCH = YES;
				SDKROOT = iphoneos;
				SWIFT_ACTIVE_COMPILATION_CONDITIONS = DEBUG;
				SWIFT_OPTIMIZATION_LEVEL = "-Onone";
			};
			name = Debug;
		};
		384B515A2374D14F00AA9538 /* Release */ = {
			isa = XCBuildConfiguration;
			buildSettings = {
				ALWAYS_SEARCH_USER_PATHS = NO;
				CLANG_ANALYZER_NONNULL = YES;
				CLANG_ANALYZER_NUMBER_OBJECT_CONVERSION = YES_AGGRESSIVE;
				CLANG_CXX_LANGUAGE_STANDARD = "gnu++14";
				CLANG_CXX_LIBRARY = "libc++";
				CLANG_ENABLE_MODULES = YES;
				CLANG_ENABLE_OBJC_ARC = YES;
				CLANG_ENABLE_OBJC_WEAK = YES;
				CLANG_WARN_BLOCK_CAPTURE_AUTORELEASING = YES;
				CLANG_WARN_BOOL_CONVERSION = YES;
				CLANG_WARN_COMMA = YES;
				CLANG_WARN_CONSTANT_CONVERSION = YES;
				CLANG_WARN_DEPRECATED_OBJC_IMPLEMENTATIONS = YES;
				CLANG_WARN_DIRECT_OBJC_ISA_USAGE = YES_ERROR;
				CLANG_WARN_DOCUMENTATION_COMMENTS = YES;
				CLANG_WARN_EMPTY_BODY = YES;
				CLANG_WARN_ENUM_CONVERSION = YES;
				CLANG_WARN_INFINITE_RECURSION = YES;
				CLANG_WARN_INT_CONVERSION = YES;
				CLANG_WARN_NON_LITERAL_NULL_CONVERSION = YES;
				CLANG_WARN_OBJC_IMPLICIT_RETAIN_SELF = YES;
				CLANG_WARN_OBJC_LITERAL_CONVERSION = YES;
				CLANG_WARN_OBJC_ROOT_CLASS = YES_ERROR;
				CLANG_WARN_RANGE_LOOP_ANALYSIS = YES;
				CLANG_WARN_STRICT_PROTOTYPES = YES;
				CLANG_WARN_SUSPICIOUS_MOVE = YES;
				CLANG_WARN_UNGUARDED_AVAILABILITY = YES_AGGRESSIVE;
				CLANG_WARN_UNREACHABLE_CODE = YES;
				CLANG_WARN__DUPLICATE_METHOD_MATCH = YES;
				COPY_PHASE_STRIP = NO;
				DEBUG_INFORMATION_FORMAT = "dwarf-with-dsym";
				ENABLE_NS_ASSERTIONS = NO;
				ENABLE_STRICT_OBJC_MSGSEND = YES;
				GCC_C_LANGUAGE_STANDARD = gnu11;
				GCC_NO_COMMON_BLOCKS = YES;
				GCC_WARN_64_TO_32_BIT_CONVERSION = YES;
				GCC_WARN_ABOUT_RETURN_TYPE = YES_ERROR;
				GCC_WARN_UNDECLARED_SELECTOR = YES;
				GCC_WARN_UNINITIALIZED_AUTOS = YES_AGGRESSIVE;
				GCC_WARN_UNUSED_FUNCTION = YES;
				GCC_WARN_UNUSED_VARIABLE = YES;
				IPHONEOS_DEPLOYMENT_TARGET = 12.0;
				MTL_ENABLE_DEBUG_INFO = NO;
				MTL_FAST_MATH = YES;
				SDKROOT = iphoneos;
				SWIFT_COMPILATION_MODE = wholemodule;
				SWIFT_OPTIMIZATION_LEVEL = "-O";
				VALIDATE_PRODUCT = YES;
			};
			name = Release;
		};
		384B515C2374D14F00AA9538 /* Debug */ = {
			isa = XCBuildConfiguration;
			baseConfigurationReference = 24F0980079A44119CAA0F5FD /* Pods-App.debug.xcconfig */;
			buildSettings = {
				ASSETCATALOG_COMPILER_APPICON_NAME = AppIcon;
				CODE_SIGN_STYLE = Automatic;
				ENABLE_PREVIEWS = YES;
				INFOPLIST_FILE = "$(SRCROOT)/App/Resources/Info.plist";
				LD_RUNPATH_SEARCH_PATHS = (
					"$(inherited)",
					"@executable_path/Frameworks",
				);
				PRODUCT_BUNDLE_IDENTIFIER = "br.com.desafio-ios";
				PRODUCT_NAME = "Desafio iOS";
				SWIFT_VERSION = 5.0;
				TARGETED_DEVICE_FAMILY = 1;
			};
			name = Debug;
		};
		384B515D2374D14F00AA9538 /* Release */ = {
			isa = XCBuildConfiguration;
			baseConfigurationReference = 63D0D98243E0E8C3E0A2D8CC /* Pods-App.release.xcconfig */;
			buildSettings = {
				ASSETCATALOG_COMPILER_APPICON_NAME = AppIcon;
				CODE_SIGN_STYLE = Automatic;
				ENABLE_PREVIEWS = YES;
				INFOPLIST_FILE = "$(SRCROOT)/App/Resources/Info.plist";
				LD_RUNPATH_SEARCH_PATHS = (
					"$(inherited)",
					"@executable_path/Frameworks",
				);
				PRODUCT_BUNDLE_IDENTIFIER = "br.com.desafio-ios";
				PRODUCT_NAME = "Desafio iOS";
				SWIFT_VERSION = 5.0;
				TARGETED_DEVICE_FAMILY = 1;
			};
			name = Release;
		};
		384B515F2374D14F00AA9538 /* Debug */ = {
			isa = XCBuildConfiguration;
			baseConfigurationReference = E9A60B7C3E084338021E141A /* Pods-AppTests.debug.xcconfig */;
			buildSettings = {
				ALWAYS_EMBED_SWIFT_STANDARD_LIBRARIES = YES;
				BUNDLE_LOADER = "$(TEST_HOST)";
				CODE_SIGN_STYLE = Automatic;
				INFOPLIST_FILE = AppTests/Info.plist;
				IPHONEOS_DEPLOYMENT_TARGET = 13.2;
				LD_RUNPATH_SEARCH_PATHS = (
					"$(inherited)",
					"@executable_path/Frameworks",
					"@loader_path/Frameworks",
				);
				PRODUCT_BUNDLE_IDENTIFIER = "br.com.desafio-iosTests";
				PRODUCT_NAME = "$(TARGET_NAME)";
				SWIFT_VERSION = 5.0;
				TARGETED_DEVICE_FAMILY = "1,2";
				TEST_HOST = "$(BUILT_PRODUCTS_DIR)/Desafio iOS.app/Desafio iOS";
			};
			name = Debug;
		};
		384B51602374D14F00AA9538 /* Release */ = {
			isa = XCBuildConfiguration;
			baseConfigurationReference = 2CAA1D9961A571AD14E00C99 /* Pods-AppTests.release.xcconfig */;
			buildSettings = {
				ALWAYS_EMBED_SWIFT_STANDARD_LIBRARIES = YES;
				BUNDLE_LOADER = "$(TEST_HOST)";
				CODE_SIGN_STYLE = Automatic;
				INFOPLIST_FILE = AppTests/Info.plist;
				IPHONEOS_DEPLOYMENT_TARGET = 13.2;
				LD_RUNPATH_SEARCH_PATHS = (
					"$(inherited)",
					"@executable_path/Frameworks",
					"@loader_path/Frameworks",
				);
				PRODUCT_BUNDLE_IDENTIFIER = "br.com.desafio-iosTests";
				PRODUCT_NAME = "$(TARGET_NAME)";
				SWIFT_VERSION = 5.0;
				TARGETED_DEVICE_FAMILY = "1,2";
				TEST_HOST = "$(BUILT_PRODUCTS_DIR)/Desafio iOS.app/Desafio iOS";
			};
			name = Release;
		};
/* End XCBuildConfiguration section */

/* Begin XCConfigurationList section */
		384B51372374D14D00AA9538 /* Build configuration list for PBXProject "App" */ = {
			isa = XCConfigurationList;
			buildConfigurations = (
				384B51592374D14F00AA9538 /* Debug */,
				384B515A2374D14F00AA9538 /* Release */,
			);
			defaultConfigurationIsVisible = 0;
			defaultConfigurationName = Release;
		};
		384B515B2374D14F00AA9538 /* Build configuration list for PBXNativeTarget "App" */ = {
			isa = XCConfigurationList;
			buildConfigurations = (
				384B515C2374D14F00AA9538 /* Debug */,
				384B515D2374D14F00AA9538 /* Release */,
			);
			defaultConfigurationIsVisible = 0;
			defaultConfigurationName = Release;
		};
		384B515E2374D14F00AA9538 /* Build configuration list for PBXNativeTarget "AppTests" */ = {
			isa = XCConfigurationList;
			buildConfigurations = (
				384B515F2374D14F00AA9538 /* Debug */,
				384B51602374D14F00AA9538 /* Release */,
			);
			defaultConfigurationIsVisible = 0;
			defaultConfigurationName = Release;
		};
/* End XCConfigurationList section */
	};
	rootObject = 384B51342374D14D00AA9538 /* Project object */;
}
